{
  "name": "heads",
  "version": "1.0.0",
  "lockfileVersion": 3,
  "requires": true,
  "packages": {
    "": {
      "name": "heads",
      "version": "1.0.0",
      "devDependencies": {
        "@echogarden/espeak-ng-emscripten": "0.3.5"
      }
    },
    "node_modules/@echogarden/espeak-ng-emscripten": {
      "version": "0.3.5",
      "resolved": "https://registry.npmjs.org/@echogarden/espeak-ng-emscripten/-/espeak-ng-emscripten-0.3.5.tgz",
      "integrity": "sha512-Izbkm7NWccwb//RKgOp1/0k21StKN1DFIn+K7GU1XN7n6pmSi4bsk/0tYUsgQbysC4GVyrVompNmLInU/BFE+A==",
      "dev": true,
      "license": "GPL-3.0"
    }
  }
}
